
Microsoft Visual Studio Solution File, Format Version 12.00
# Visual Studio 15
VisualStudioVersion = 15.0.27703.2047
MinimumVisualStudioVersion = 10.0.40219.1
Project("{FAE04EC0-301F-11D3-BF4B-00C04F79EFBC}") = "Автобиблио", "Автобиблио\Автобиблио.csproj", "{6E0C8934-4061-4480-8C20-691E9E63EEC8}"
EndProject
Global
	GlobalSection(SolutionConfigurationPlatforms) = preSolution
		Debug|Any CPU = Debug|Any CPU
		Release|Any CPU = Release|Any CPU
	EndGlobalSection
	GlobalSection(ProjectConfigurationPlatforms) = postSolution
		{6E0C8934-4061-4480-8C20-691E9E63EEC8}.Debug|Any CPU.ActiveCfg = Debug|Any CPU
		{6E0C8934-4061-4480-8C20-691E9E63EEC8}.Debug|Any CPU.Build.0 = Debug|Any CPU
		{6E0C8934-4061-4480-8C20-691E9E63EEC8}.Release|Any CPU.ActiveCfg = Release|Any CPU
		{6E0C8934-4061-4480-8C20-691E9E63EEC8}.Release|Any CPU.Build.0 = Release|Any CPU
	EndGlobalSection
	GlobalSection(SolutionProperties) = preSolution
		HideSolutionNode = FALSE
	EndGlobalSection
	GlobalSection(ExtensibilityGlobals) = postSolution
		SolutionGuid = {63CC9962-0626-40DA-AA8D-1AF6C504A568}
	EndGlobalSection
EndGlobal
